
Microsoft Visual Studio Solution File, Format Version 12.00
# Visual Studio 14
VisualStudioVersion = 14.0.23107.0
MinimumVisualStudioVersion = 10.0.40219.1
Project("{FAE04EC0-301F-11D3-BF4B-00C04F79EFBC}") = "PhoneStore", "PhoneStore\PhoneStore.csproj", "{E2372F3C-CE63-447E-B261-F0FB7625AEEA}"
EndProject
Project("{2150E333-8FDC-42A3-9474-1A3956D46DE8}") = "SqlScript", "SqlScript", "{8E2DA91D-44E0-4751-99AE-59637A39AC30}"
	ProjectSection(SolutionItems) = preProject
		ScriptTable.sql = ScriptTable.sql
	EndProjectSection
EndProject
Project("{FAE04EC0-301F-11D3-BF4B-00C04F79EFBC}") = "PhoneStore.Security", "PhoneStore.Security\PhoneStore.Security.csproj", "{EA40722B-B235-4A62-ACB5-887ABCD149A9}"
EndProject
Global
	GlobalSection(SolutionConfigurationPlatforms) = preSolution
		Debug|Any CPU = Debug|Any CPU
		Release|Any CPU = Release|Any CPU
	EndGlobalSection
	GlobalSection(ProjectConfigurationPlatforms) = postSolution
		{E2372F3C-CE63-447E-B261-F0FB7625AEEA}.Debug|Any CPU.ActiveCfg = Debug|Any CPU
		{E2372F3C-CE63-447E-B261-F0FB7625AEEA}.Debug|Any CPU.Build.0 = Debug|Any CPU
		{E2372F3C-CE63-447E-B261-F0FB7625AEEA}.Release|Any CPU.ActiveCfg = Release|Any CPU
		{E2372F3C-CE63-447E-B261-F0FB7625AEEA}.Release|Any CPU.Build.0 = Release|Any CPU
		{EA40722B-B235-4A62-ACB5-887ABCD149A9}.Debug|Any CPU.ActiveCfg = Debug|Any CPU
		{EA40722B-B235-4A62-ACB5-887ABCD149A9}.Debug|Any CPU.Build.0 = Debug|Any CPU
		{EA40722B-B235-4A62-ACB5-887ABCD149A9}.Release|Any CPU.ActiveCfg = Release|Any CPU
		{EA40722B-B235-4A62-ACB5-887ABCD149A9}.Release|Any CPU.Build.0 = Release|Any CPU
	EndGlobalSection
	GlobalSection(SolutionProperties) = preSolution
		HideSolutionNode = FALSE
	EndGlobalSection
EndGlobal
